
Microsoft Visual Studio Solution File, Format Version 12.00
# Visual Studio Version 17
VisualStudioVersion = 17.9.34616.47
MinimumVisualStudioVersion = 10.0.40219.1
Project("{8BC9CEB8-8B4A-11D0-8D11-00A0C91BC942}") = "ParadigmaOOP2_D", "ParadigmaOOP2_D.vcxproj", "{A1ACCE10-68EB-41FE-89D2-6A0AF4D2555B}"
EndProject
Project("{8BC9CEB8-8B4A-11D0-8D11-00A0C91BC942}") = "Overriding", "Overriding\Overriding.vcxproj", "{A624A9B9-B5EF-4DB5-96C3-B07CD583EE7E}"
EndProject
Project("{8BC9CEB8-8B4A-11D0-8D11-00A0C91BC942}") = "NoPewarisan", "NoPewarisan\NoPewarisan.vcxproj", "{AE2C9408-29A2-4D57-BE65-8DBD1D44CDE1}"
EndProject
Project("{8BC9CEB8-8B4A-11D0-8D11-00A0C91BC942}") = "Enkapsulasi", "Enkapsulasi\Enkapsulasi.vcxproj", "{14F30EF6-64F7-45D8-BA70-A43A6B580295}"
EndProject
Project("{8BC9CEB8-8B4A-11D0-8D11-00A0C91BC942}") = "Abstraksi", "Abstraksi\Abstraksi.vcxproj", "{5F361D6A-086A-4E81-A604-78F2510C1C56}"
EndProject
Project("{8BC9CEB8-8B4A-11D0-8D11-00A0C91BC942}") = "AbstraksiHeader", "AbstraksiHeader\AbstraksiHeader.vcxproj", "{7DCC387F-F59A-4291-9BBB-3945D3A91E0C}"
EndProject
Global
	GlobalSection(SolutionConfigurationPlatforms) = preSolution
		Debug|x64 = Debug|x64
		Debug|x86 = Debug|x86
		Release|x64 = Release|x64
		Release|x86 = Release|x86
	EndGlobalSection
	GlobalSection(ProjectConfigurationPlatforms) = postSolution
		{A1ACCE10-68EB-41FE-89D2-6A0AF4D2555B}.Debug|x64.ActiveCfg = Debug|x64
		{A1ACCE10-68EB-41FE-89D2-6A0AF4D2555B}.Debug|x64.Build.0 = Debug|x64
		{A1ACCE10-68EB-41FE-89D2-6A0AF4D2555B}.Debug|x86.ActiveCfg = Debug|Win32
		{A1ACCE10-68EB-41FE-89D2-6A0AF4D2555B}.Debug|x86.Build.0 = Debug|Win32
		{A1ACCE10-68EB-41FE-89D2-6A0AF4D2555B}.Release|x64.ActiveCfg = Release|x64
		{A1ACCE10-68EB-41FE-89D2-6A0AF4D2555B}.Release|x64.Build.0 = Release|x64
		{A1ACCE10-68EB-41FE-89D2-6A0AF4D2555B}.Release|x86.ActiveCfg = Release|Win32
		{A1ACCE10-68EB-41FE-89D2-6A0AF4D2555B}.Release|x86.Build.0 = Release|Win32
		{A624A9B9-B5EF-4DB5-96C3-B07CD583EE7E}.Debug|x64.ActiveCfg = Debug|x64
		{A624A9B9-B5EF-4DB5-96C3-B07CD583EE7E}.Debug|x64.Build.0 = Debug|x64
		{A624A9B9-B5EF-4DB5-96C3-B07CD583EE7E}.Debug|x86.ActiveCfg = Debug|Win32
		{A624A9B9-B5EF-4DB5-96C3-B07CD583EE7E}.Debug|x86.Build.0 = Debug|Win32
		{A624A9B9-B5EF-4DB5-96C3-B07CD583EE7E}.Release|x64.ActiveCfg = Release|x64
		{A624A9B9-B5EF-4DB5-96C3-B07CD583EE7E}.Release|x64.Build.0 = Release|x64
		{A624A9B9-B5EF-4DB5-96C3-B07CD583EE7E}.Release|x86.ActiveCfg = Release|Win32
		{A624A9B9-B5EF-4DB5-96C3-B07CD583EE7E}.Release|x86.Build.0 = Release|Win32
		{AE2C9408-29A2-4D57-BE65-8DBD1D44CDE1}.Debug|x64.ActiveCfg = Debug|x64
		{AE2C9408-29A2-4D57-BE65-8DBD1D44CDE1}.Debug|x64.Build.0 = Debug|x64
		{AE2C9408-29A2-4D57-BE65-8DBD1D44CDE1}.Debug|x86.ActiveCfg = Debug|Win32
		{AE2C9408-29A2-4D57-BE65-8DBD1D44CDE1}.Debug|x86.Build.0 = Debug|Win32
		{AE2C9408-29A2-4D57-BE65-8DBD1D44CDE1}.Release|x64.ActiveCfg = Release|x64
		{AE2C9408-29A2-4D57-BE65-8DBD1D44CDE1}.Release|x64.Build.0 = Release|x64
		{AE2C9408-29A2-4D57-BE65-8DBD1D44CDE1}.Release|x86.ActiveCfg = Release|Win32
		{AE2C9408-29A2-4D57-BE65-8DBD1D44CDE1}.Release|x86.Build.0 = Release|Win32
		{14F30EF6-64F7-45D8-BA70-A43A6B580295}.Debug|x64.ActiveCfg = Debug|x64
		{14F30EF6-64F7-45D8-BA70-A43A6B580295}.Debug|x64.Build.0 = Debug|x64
		{14F30EF6-64F7-45D8-BA70-A43A6B580295}.Debug|x86.ActiveCfg = Debug|Win32
		{14F30EF6-64F7-45D8-BA70-A43A6B580295}.Debug|x86.Build.0 = Debug|Win32
		{14F30EF6-64F7-45D8-BA70-A43A6B580295}.Release|x64.ActiveCfg = Release|x64
		{14F30EF6-64F7-45D8-BA70-A43A6B580295}.Release|x64.Build.0 = Release|x64
		{14F30EF6-64F7-45D8-BA70-A43A6B580295}.Release|x86.ActiveCfg = Release|Win32
		{14F30EF6-64F7-45D8-BA70-A43A6B580295}.Release|x86.Build.0 = Release|Win32
		{5F361D6A-086A-4E81-A604-78F2510C1C56}.Debug|x64.ActiveCfg = Debug|x64
		{5F361D6A-086A-4E81-A604-78F2510C1C56}.Debug|x64.Build.0 = Debug|x64
		{5F361D6A-086A-4E81-A604-78F2510C1C56}.Debug|x86.ActiveCfg = Debug|Win32
		{5F361D6A-086A-4E81-A604-78F2510C1C56}.Debug|x86.Build.0 = Debug|Win32
		{5F361D6A-086A-4E81-A604-78F2510C1C56}.Release|x64.ActiveCfg = Release|x64
		{5F361D6A-086A-4E81-A604-78F2510C1C56}.Release|x64.Build.0 = Release|x64
		{5F361D6A-086A-4E81-A604-78F2510C1C56}.Release|x86.ActiveCfg = Release|Win32
		{5F361D6A-086A-4E81-A604-78F2510C1C56}.Release|x86.Build.0 = Release|Win32
		{7DCC387F-F59A-4291-9BBB-3945D3A91E0C}.Debug|x64.ActiveCfg = Debug|x64
		{7DCC387F-F59A-4291-9BBB-3945D3A91E0C}.Debug|x64.Build.0 = Debug|x64
		{7DCC387F-F59A-4291-9BBB-3945D3A91E0C}.Debug|x86.ActiveCfg = Debug|Win32
		{7DCC387F-F59A-4291-9BBB-3945D3A91E0C}.Debug|x86.Build.0 = Debug|Win32
		{7DCC387F-F59A-4291-9BBB-3945D3A91E0C}.Release|x64.ActiveCfg = Release|x64
		{7DCC387F-F59A-4291-9BBB-3945D3A91E0C}.Release|x64.Build.0 = Release|x64
		{7DCC387F-F59A-4291-9BBB-3945D3A91E0C}.Release|x86.ActiveCfg = Release|Win32
		{7DCC387F-F59A-4291-9BBB-3945D3A91E0C}.Release|x86.Build.0 = Release|Win32
	EndGlobalSection
	GlobalSection(SolutionProperties) = preSolution
		HideSolutionNode = FALSE
	EndGlobalSection
	GlobalSection(ExtensibilityGlobals) = postSolution
		SolutionGuid = {B44524FC-398F-46E6-97B3-8C07492D25A0}
	EndGlobalSection
EndGlobal
